{
  "lockfileVersion": 1,
  "workspaces": {
    "": {
      "name": "ifkash",
      "dependencies": {
        "@tailwindcss/vite": "^4.0.6",
        "@vercel/analytics": "^1.5.0",
        "axios": "^1.7.9",
        "dompurify": "^3.2.4",
        "marked": "^14.1.4",
        "tailwindcss": "^4.0.6",
      },
      "devDependencies": {
        "@sveltejs/adapter-auto": "^3.3.1",
        "@sveltejs/kit": "^2.17.2",
        "@sveltejs/vite-plugin-svelte": "^3.1.2",
        "@types/dompurify": "^3.2.0",
        "svelte": "^4.2.19",
        "svelte-check": "^3.8.6",
        "tslib": "^2.8.1",
        "typescript": "^5.7.3",
        "vite": "^5.4.14",
      },
    },
  },
  "trustedDependencies": [
    "svelte-preprocess",
  ],
  "packages": {
    "@ampproject/remapping": ["@ampproject/remapping@2.3.0", "", { "dependencies": { "@jridgewell/gen-mapping": "^0.3.5", "@jridgewell/trace-mapping": "^0.3.24" } }, "sha512-30iZtAPgz+LTIYoeivqYo853f02jBYSd5uGnGpkFV0M3xOt9aN73erkgYAmZU43x4VfqcnLxW9Kpg3R5LC4YYw=="],

    "@esbuild/aix-ppc64": ["@esbuild/aix-ppc64@0.21.5", "", { "os": "aix", "cpu": "ppc64" }, "sha512-1SDgH6ZSPTlggy1yI6+Dbkiz8xzpHJEVAlF/AM1tHPLsf5STom9rwtjE4hKAF20FfXXNTFqEYXyJNWh1GiZedQ=="],

    "@esbuild/android-arm": ["@esbuild/android-arm@0.21.5", "", { "os": "android", "cpu": "arm" }, "sha512-vCPvzSjpPHEi1siZdlvAlsPxXl7WbOVUBBAowWug4rJHb68Ox8KualB+1ocNvT5fjv6wpkX6o/iEpbDrf68zcg=="],

    "@esbuild/android-arm64": ["@esbuild/android-arm64@0.21.5", "", { "os": "android", "cpu": "arm64" }, "sha512-c0uX9VAUBQ7dTDCjq+wdyGLowMdtR/GoC2U5IYk/7D1H1JYC0qseD7+11iMP2mRLN9RcCMRcjC4YMclCzGwS/A=="],

    "@esbuild/android-x64": ["@esbuild/android-x64@0.21.5", "", { "os": "android", "cpu": "x64" }, "sha512-D7aPRUUNHRBwHxzxRvp856rjUHRFW1SdQATKXH2hqA0kAZb1hKmi02OpYRacl0TxIGz/ZmXWlbZgjwWYaCakTA=="],

    "@esbuild/darwin-arm64": ["@esbuild/darwin-arm64@0.21.5", "", { "os": "darwin", "cpu": "arm64" }, "sha512-DwqXqZyuk5AiWWf3UfLiRDJ5EDd49zg6O9wclZ7kUMv2WRFr4HKjXp/5t8JZ11QbQfUS6/cRCKGwYhtNAY88kQ=="],

    "@esbuild/darwin-x64": ["@esbuild/darwin-x64@0.21.5", "", { "os": "darwin", "cpu": "x64" }, "sha512-se/JjF8NlmKVG4kNIuyWMV/22ZaerB+qaSi5MdrXtd6R08kvs2qCN4C09miupktDitvh8jRFflwGFBQcxZRjbw=="],

    "@esbuild/freebsd-arm64": ["@esbuild/freebsd-arm64@0.21.5", "", { "os": "freebsd", "cpu": "arm64" }, "sha512-5JcRxxRDUJLX8JXp/wcBCy3pENnCgBR9bN6JsY4OmhfUtIHe3ZW0mawA7+RDAcMLrMIZaf03NlQiX9DGyB8h4g=="],

    "@esbuild/freebsd-x64": ["@esbuild/freebsd-x64@0.21.5", "", { "os": "freebsd", "cpu": "x64" }, "sha512-J95kNBj1zkbMXtHVH29bBriQygMXqoVQOQYA+ISs0/2l3T9/kj42ow2mpqerRBxDJnmkUDCaQT/dfNXWX/ZZCQ=="],

    "@esbuild/linux-arm": ["@esbuild/linux-arm@0.21.5", "", { "os": "linux", "cpu": "arm" }, "sha512-bPb5AHZtbeNGjCKVZ9UGqGwo8EUu4cLq68E95A53KlxAPRmUyYv2D6F0uUI65XisGOL1hBP5mTronbgo+0bFcA=="],

    "@esbuild/linux-arm64": ["@esbuild/linux-arm64@0.21.5", "", { "os": "linux", "cpu": "arm64" }, "sha512-ibKvmyYzKsBeX8d8I7MH/TMfWDXBF3db4qM6sy+7re0YXya+K1cem3on9XgdT2EQGMu4hQyZhan7TeQ8XkGp4Q=="],

    "@esbuild/linux-ia32": ["@esbuild/linux-ia32@0.21.5", "", { "os": "linux", "cpu": "ia32" }, "sha512-YvjXDqLRqPDl2dvRODYmmhz4rPeVKYvppfGYKSNGdyZkA01046pLWyRKKI3ax8fbJoK5QbxblURkwK/MWY18Tg=="],

    "@esbuild/linux-loong64": ["@esbuild/linux-loong64@0.21.5", "", { "os": "linux", "cpu": "none" }, "sha512-uHf1BmMG8qEvzdrzAqg2SIG/02+4/DHB6a9Kbya0XDvwDEKCoC8ZRWI5JJvNdUjtciBGFQ5PuBlpEOXQj+JQSg=="],

    "@esbuild/linux-mips64el": ["@esbuild/linux-mips64el@0.21.5", "", { "os": "linux", "cpu": "none" }, "sha512-IajOmO+KJK23bj52dFSNCMsz1QP1DqM6cwLUv3W1QwyxkyIWecfafnI555fvSGqEKwjMXVLokcV5ygHW5b3Jbg=="],

    "@esbuild/linux-ppc64": ["@esbuild/linux-ppc64@0.21.5", "", { "os": "linux", "cpu": "ppc64" }, "sha512-1hHV/Z4OEfMwpLO8rp7CvlhBDnjsC3CttJXIhBi+5Aj5r+MBvy4egg7wCbe//hSsT+RvDAG7s81tAvpL2XAE4w=="],

    "@esbuild/linux-riscv64": ["@esbuild/linux-riscv64@0.21.5", "", { "os": "linux", "cpu": "none" }, "sha512-2HdXDMd9GMgTGrPWnJzP2ALSokE/0O5HhTUvWIbD3YdjME8JwvSCnNGBnTThKGEB91OZhzrJ4qIIxk/SBmyDDA=="],

    "@esbuild/linux-s390x": ["@esbuild/linux-s390x@0.21.5", "", { "os": "linux", "cpu": "s390x" }, "sha512-zus5sxzqBJD3eXxwvjN1yQkRepANgxE9lgOW2qLnmr8ikMTphkjgXu1HR01K4FJg8h1kEEDAqDcZQtbrRnB41A=="],

    "@esbuild/linux-x64": ["@esbuild/linux-x64@0.21.5", "", { "os": "linux", "cpu": "x64" }, "sha512-1rYdTpyv03iycF1+BhzrzQJCdOuAOtaqHTWJZCWvijKD2N5Xu0TtVC8/+1faWqcP9iBCWOmjmhoH94dH82BxPQ=="],

    "@esbuild/netbsd-x64": ["@esbuild/netbsd-x64@0.21.5", "", { "os": "none", "cpu": "x64" }, "sha512-Woi2MXzXjMULccIwMnLciyZH4nCIMpWQAs049KEeMvOcNADVxo0UBIQPfSmxB3CWKedngg7sWZdLvLczpe0tLg=="],

    "@esbuild/openbsd-x64": ["@esbuild/openbsd-x64@0.21.5", "", { "os": "openbsd", "cpu": "x64" }, "sha512-HLNNw99xsvx12lFBUwoT8EVCsSvRNDVxNpjZ7bPn947b8gJPzeHWyNVhFsaerc0n3TsbOINvRP2byTZ5LKezow=="],

    "@esbuild/sunos-x64": ["@esbuild/sunos-x64@0.21.5", "", { "os": "sunos", "cpu": "x64" }, "sha512-6+gjmFpfy0BHU5Tpptkuh8+uw3mnrvgs+dSPQXQOv3ekbordwnzTVEb4qnIvQcYXq6gzkyTnoZ9dZG+D4garKg=="],

    "@esbuild/win32-arm64": ["@esbuild/win32-arm64@0.21.5", "", { "os": "win32", "cpu": "arm64" }, "sha512-Z0gOTd75VvXqyq7nsl93zwahcTROgqvuAcYDUr+vOv8uHhNSKROyU961kgtCD1e95IqPKSQKH7tBTslnS3tA8A=="],

    "@esbuild/win32-ia32": ["@esbuild/win32-ia32@0.21.5", "", { "os": "win32", "cpu": "ia32" }, "sha512-SWXFF1CL2RVNMaVs+BBClwtfZSvDgtL//G/smwAc5oVK/UPu2Gu9tIaRgFmYFFKrmg3SyAjSrElf0TiJ1v8fYA=="],

    "@esbuild/win32-x64": ["@esbuild/win32-x64@0.21.5", "", { "os": "win32", "cpu": "x64" }, "sha512-tQd/1efJuzPC6rCFwEvLtci/xNFcTZknmXs98FYDfGE4wP9ClFV98nyKrzJKVPMhdDnjzLhdUyMX4PsQAPjwIw=="],

    "@jridgewell/gen-mapping": ["@jridgewell/gen-mapping@0.3.8", "", { "dependencies": { "@jridgewell/set-array": "^1.2.1", "@jridgewell/sourcemap-codec": "^1.4.10", "@jridgewell/trace-mapping": "^0.3.24" } }, "sha512-imAbBGkb+ebQyxKgzv5Hu2nmROxoDOXHh80evxdoXNOrvAnVx7zimzc1Oo5h9RlfV4vPXaE2iM5pOFbvOCClWA=="],

    "@jridgewell/resolve-uri": ["@jridgewell/resolve-uri@3.1.2", "", {}, "sha512-bRISgCIjP20/tbWSPWMEi54QVPRZExkuD9lJL+UIxUKtwVJA8wW1Trb1jMs1RFXo1CBTNZ/5hpC9QvmKWdopKw=="],

    "@jridgewell/set-array": ["@jridgewell/set-array@1.2.1", "", {}, "sha512-R8gLRTZeyp03ymzP/6Lil/28tGeGEzhx1q2k703KGWRAI1VdvPIXdG70VJc2pAMw3NA6JKL5hhFu1sJX0Mnn/A=="],

    "@jridgewell/sourcemap-codec": ["@jridgewell/sourcemap-codec@1.5.0", "", {}, "sha512-gv3ZRaISU3fjPAgNsriBRqGWQL6quFx04YMPW/zD8XMLsU32mhCCbfbO6KZFLjvYpCZ8zyDEgqsgf+PwPaM7GQ=="],

    "@jridgewell/trace-mapping": ["@jridgewell/trace-mapping@0.3.25", "", { "dependencies": { "@jridgewell/resolve-uri": "^3.1.0", "@jridgewell/sourcemap-codec": "^1.4.14" } }, "sha512-vNk6aEwybGtawWmy/PzwnGDOjCkLWSD2wqvjGGAgOAwCGWySYXfYoxt00IJkTF+8Lb57DwOb3Aa0o9CApepiYQ=="],

    "@polka/url": ["@polka/url@1.0.0-next.28", "", {}, "sha512-8LduaNlMZGwdZ6qWrKlfa+2M4gahzFkprZiAt2TF8uS0qQgBizKXpXURqvTJ4WtmupWxaLqjRb2UCTe72mu+Aw=="],

    "@rollup/rollup-android-arm-eabi": ["@rollup/rollup-android-arm-eabi@4.34.6", "", { "os": "android", "cpu": "arm" }, "sha512-+GcCXtOQoWuC7hhX1P00LqjjIiS/iOouHXhMdiDSnq/1DGTox4SpUvO52Xm+div6+106r+TcvOeo/cxvyEyTgg=="],

    "@rollup/rollup-android-arm64": ["@rollup/rollup-android-arm64@4.34.6", "", { "os": "android", "cpu": "arm64" }, "sha512-E8+2qCIjciYUnCa1AiVF1BkRgqIGW9KzJeesQqVfyRITGQN+dFuoivO0hnro1DjT74wXLRZ7QF8MIbz+luGaJA=="],

    "@rollup/rollup-darwin-arm64": ["@rollup/rollup-darwin-arm64@4.34.6", "", { "os": "darwin", "cpu": "arm64" }, "sha512-z9Ib+OzqN3DZEjX7PDQMHEhtF+t6Mi2z/ueChQPLS/qUMKY7Ybn5A2ggFoKRNRh1q1T03YTQfBTQCJZiepESAg=="],

    "@rollup/rollup-darwin-x64": ["@rollup/rollup-darwin-x64@4.34.6", "", { "os": "darwin", "cpu": "x64" }, "sha512-PShKVY4u0FDAR7jskyFIYVyHEPCPnIQY8s5OcXkdU8mz3Y7eXDJPdyM/ZWjkYdR2m0izD9HHWA8sGcXn+Qrsyg=="],

    "@rollup/rollup-freebsd-arm64": ["@rollup/rollup-freebsd-arm64@4.34.6", "", { "os": "freebsd", "cpu": "arm64" }, "sha512-YSwyOqlDAdKqs0iKuqvRHLN4SrD2TiswfoLfvYXseKbL47ht1grQpq46MSiQAx6rQEN8o8URtpXARCpqabqxGQ=="],

    "@rollup/rollup-freebsd-x64": ["@rollup/rollup-freebsd-x64@4.34.6", "", { "os": "freebsd", "cpu": "x64" }, "sha512-HEP4CgPAY1RxXwwL5sPFv6BBM3tVeLnshF03HMhJYCNc6kvSqBgTMmsEjb72RkZBAWIqiPUyF1JpEBv5XT9wKQ=="],

    "@rollup/rollup-linux-arm-gnueabihf": ["@rollup/rollup-linux-arm-gnueabihf@4.34.6", "", { "os": "linux", "cpu": "arm" }, "sha512-88fSzjC5xeH9S2Vg3rPgXJULkHcLYMkh8faix8DX4h4TIAL65ekwuQMA/g2CXq8W+NJC43V6fUpYZNjaX3+IIg=="],

    "@rollup/rollup-linux-arm-musleabihf": ["@rollup/rollup-linux-arm-musleabihf@4.34.6", "", { "os": "linux", "cpu": "arm" }, "sha512-wM4ztnutBqYFyvNeR7Av+reWI/enK9tDOTKNF+6Kk2Q96k9bwhDDOlnCUNRPvromlVXo04riSliMBs/Z7RteEg=="],

    "@rollup/rollup-linux-arm64-gnu": ["@rollup/rollup-linux-arm64-gnu@4.34.6", "", { "os": "linux", "cpu": "arm64" }, "sha512-9RyprECbRa9zEjXLtvvshhw4CMrRa3K+0wcp3KME0zmBe1ILmvcVHnypZ/aIDXpRyfhSYSuN4EPdCCj5Du8FIA=="],

    "@rollup/rollup-linux-arm64-musl": ["@rollup/rollup-linux-arm64-musl@4.34.6", "", { "os": "linux", "cpu": "arm64" }, "sha512-qTmklhCTyaJSB05S+iSovfo++EwnIEZxHkzv5dep4qoszUMX5Ca4WM4zAVUMbfdviLgCSQOu5oU8YoGk1s6M9Q=="],

    "@rollup/rollup-linux-loongarch64-gnu": ["@rollup/rollup-linux-loongarch64-gnu@4.34.6", "", { "os": "linux", "cpu": "none" }, "sha512-4Qmkaps9yqmpjY5pvpkfOerYgKNUGzQpFxV6rnS7c/JfYbDSU0y6WpbbredB5cCpLFGJEqYX40WUmxMkwhWCjw=="],

    "@rollup/rollup-linux-powerpc64le-gnu": ["@rollup/rollup-linux-powerpc64le-gnu@4.34.6", "", { "os": "linux", "cpu": "ppc64" }, "sha512-Zsrtux3PuaxuBTX/zHdLaFmcofWGzaWW1scwLU3ZbW/X+hSsFbz9wDIp6XvnT7pzYRl9MezWqEqKy7ssmDEnuQ=="],

    "@rollup/rollup-linux-riscv64-gnu": ["@rollup/rollup-linux-riscv64-gnu@4.34.6", "", { "os": "linux", "cpu": "none" }, "sha512-aK+Zp+CRM55iPrlyKiU3/zyhgzWBxLVrw2mwiQSYJRobCURb781+XstzvA8Gkjg/hbdQFuDw44aUOxVQFycrAg=="],

    "@rollup/rollup-linux-s390x-gnu": ["@rollup/rollup-linux-s390x-gnu@4.34.6", "", { "os": "linux", "cpu": "s390x" }, "sha512-WoKLVrY9ogmaYPXwTH326+ErlCIgMmsoRSx6bO+l68YgJnlOXhygDYSZe/qbUJCSiCiZAQ+tKm88NcWuUXqOzw=="],

    "@rollup/rollup-linux-x64-gnu": ["@rollup/rollup-linux-x64-gnu@4.34.6", "", { "os": "linux", "cpu": "x64" }, "sha512-Sht4aFvmA4ToHd2vFzwMFaQCiYm2lDFho5rPcvPBT5pCdC+GwHG6CMch4GQfmWTQ1SwRKS0dhDYb54khSrjDWw=="],

    "@rollup/rollup-linux-x64-musl": ["@rollup/rollup-linux-x64-musl@4.34.6", "", { "os": "linux", "cpu": "x64" }, "sha512-zmmpOQh8vXc2QITsnCiODCDGXFC8LMi64+/oPpPx5qz3pqv0s6x46ps4xoycfUiVZps5PFn1gksZzo4RGTKT+A=="],

    "@rollup/rollup-win32-arm64-msvc": ["@rollup/rollup-win32-arm64-msvc@4.34.6", "", { "os": "win32", "cpu": "arm64" }, "sha512-3/q1qUsO/tLqGBaD4uXsB6coVGB3usxw3qyeVb59aArCgedSF66MPdgRStUd7vbZOsko/CgVaY5fo2vkvPLWiA=="],

    "@rollup/rollup-win32-ia32-msvc": ["@rollup/rollup-win32-ia32-msvc@4.34.6", "", { "os": "win32", "cpu": "ia32" }, "sha512-oLHxuyywc6efdKVTxvc0135zPrRdtYVjtVD5GUm55I3ODxhU/PwkQFD97z16Xzxa1Fz0AEe4W/2hzRtd+IfpOA=="],

    "@rollup/rollup-win32-x64-msvc": ["@rollup/rollup-win32-x64-msvc@4.34.6", "", { "os": "win32", "cpu": "x64" }, "sha512-0PVwmgzZ8+TZ9oGBmdZoQVXflbvuwzN/HRclujpl4N/q3i+y0lqLw8n1bXA8ru3sApDjlmONaNAuYr38y1Kr9w=="],

    "@sveltejs/adapter-auto": ["@sveltejs/adapter-auto@3.3.1", "", { "dependencies": { "import-meta-resolve": "^4.1.0" }, "peerDependencies": { "@sveltejs/kit": "^2.0.0" } }, "sha512-5Sc7WAxYdL6q9j/+D0jJKjGREGlfIevDyHSQ2eNETHcB1TKlQWHcAo8AS8H1QdjNvSXpvOwNjykDUHPEAyGgdQ=="],

    "@sveltejs/kit": ["@sveltejs/kit@2.17.2", "", { "dependencies": { "@types/cookie": "^0.6.0", "cookie": "^0.6.0", "devalue": "^5.1.0", "esm-env": "^1.2.2", "import-meta-resolve": "^4.1.0", "kleur": "^4.1.5", "magic-string": "^0.30.5", "mrmime": "^2.0.0", "sade": "^1.8.1", "set-cookie-parser": "^2.6.0", "sirv": "^3.0.0" }, "peerDependencies": { "@sveltejs/vite-plugin-svelte": "^3.0.0 || ^4.0.0-next.1 || ^5.0.0", "svelte": "^4.0.0 || ^5.0.0-next.0", "vite": "^5.0.3 || ^6.0.0" }, "bin": { "svelte-kit": "svelte-kit.js" } }, "sha512-Vypk02baf7qd3SOB1uUwUC/3Oka+srPo2J0a8YN3EfJypRshDkNx9HzNKjSmhOnGWwT+SSO06+N0mAb8iVTmTQ=="],

    "@sveltejs/vite-plugin-svelte": ["@sveltejs/vite-plugin-svelte@3.1.2", "", { "dependencies": { "@sveltejs/vite-plugin-svelte-inspector": "^2.1.0", "debug": "^4.3.4", "deepmerge": "^4.3.1", "kleur": "^4.1.5", "magic-string": "^0.30.10", "svelte-hmr": "^0.16.0", "vitefu": "^0.2.5" }, "peerDependencies": { "svelte": "^4.0.0 || ^5.0.0-next.0", "vite": "^5.0.0" } }, "sha512-Txsm1tJvtiYeLUVRNqxZGKR/mI+CzuIQuc2gn+YCs9rMTowpNZ2Nqt53JdL8KF9bLhAf2ruR/dr9eZCwdTriRA=="],

    "@sveltejs/vite-plugin-svelte-inspector": ["@sveltejs/vite-plugin-svelte-inspector@2.1.0", "", { "dependencies": { "debug": "^4.3.4" }, "peerDependencies": { "@sveltejs/vite-plugin-svelte": "^3.0.0", "svelte": "^4.0.0 || ^5.0.0-next.0", "vite": "^5.0.0" } }, "sha512-9QX28IymvBlSCqsCll5t0kQVxipsfhFFL+L2t3nTWfXnddYwxBuAEtTtlaVQpRz9c37BhJjltSeY4AJSC03SSg=="],

    "@tailwindcss/node": ["@tailwindcss/node@4.0.7", "", { "dependencies": { "enhanced-resolve": "^5.18.1", "jiti": "^2.4.2", "tailwindcss": "4.0.7" } }, "sha512-dkFXufkbRB2mu3FPsW5xLAUWJyexpJA+/VtQj18k3SUiJVLdpgzBd1v1gRRcIpEJj7K5KpxBKfOXlZxT3ZZRuA=="],

    "@tailwindcss/oxide": ["@tailwindcss/oxide@4.0.7", "", { "optionalDependencies": { "@tailwindcss/oxide-android-arm64": "4.0.7", "@tailwindcss/oxide-darwin-arm64": "4.0.7", "@tailwindcss/oxide-darwin-x64": "4.0.7", "@tailwindcss/oxide-freebsd-x64": "4.0.7", "@tailwindcss/oxide-linux-arm-gnueabihf": "4.0.7", "@tailwindcss/oxide-linux-arm64-gnu": "4.0.7", "@tailwindcss/oxide-linux-arm64-musl": "4.0.7", "@tailwindcss/oxide-linux-x64-gnu": "4.0.7", "@tailwindcss/oxide-linux-x64-musl": "4.0.7", "@tailwindcss/oxide-win32-arm64-msvc": "4.0.7", "@tailwindcss/oxide-win32-x64-msvc": "4.0.7" } }, "sha512-yr6w5YMgjy+B+zkJiJtIYGXW+HNYOPfRPtSs+aqLnKwdEzNrGv4ZuJh9hYJ3mcA+HMq/K1rtFV+KsEr65S558g=="],

    "@tailwindcss/oxide-android-arm64": ["@tailwindcss/oxide-android-arm64@4.0.7", "", { "os": "android", "cpu": "arm64" }, "sha512-5iQXXcAeOHBZy8ASfHFm1k0O/9wR2E3tKh6+P+ilZZbQiMgu+qrnfpBWYPc3FPuQdWiWb73069WT5D+CAfx/tg=="],

    "@tailwindcss/oxide-darwin-arm64": ["@tailwindcss/oxide-darwin-arm64@4.0.7", "", { "os": "darwin", "cpu": "arm64" }, "sha512-7yGZtEc5IgVYylqK/2B0yVqoofk4UAbkn1ygNpIJZyrOhbymsfr8uUFCueTu2fUxmAYIfMZ8waWo2dLg/NgLgg=="],

    "@tailwindcss/oxide-darwin-x64": ["@tailwindcss/oxide-darwin-x64@4.0.7", "", { "os": "darwin", "cpu": "x64" }, "sha512-tPQDV20fBjb26yWbPqT1ZSoDChomMCiXTKn4jupMSoMCFyU7+OJvIY1ryjqBuY622dEBJ8LnCDDWsnj1lX9nNQ=="],

    "@tailwindcss/oxide-freebsd-x64": ["@tailwindcss/oxide-freebsd-x64@4.0.7", "", { "os": "freebsd", "cpu": "x64" }, "sha512-sZqJpTyTZiknU9LLHuByg5GKTW+u3FqM7q7myequAXxKOpAFiOfXpY710FuMY+gjzSapyRbDXJlsTQtCyiTo5w=="],

    "@tailwindcss/oxide-linux-arm-gnueabihf": ["@tailwindcss/oxide-linux-arm-gnueabihf@4.0.7", "", { "os": "linux", "cpu": "arm" }, "sha512-PBgvULgeSswjd8cbZ91gdIcIDMdc3TUHV5XemEpxlqt9M8KoydJzkuB/Dt910jYdofOIaTWRL6adG9nJICvU4A=="],

    "@tailwindcss/oxide-linux-arm64-gnu": ["@tailwindcss/oxide-linux-arm64-gnu@4.0.7", "", { "os": "linux", "cpu": "arm64" }, "sha512-By/a2yeh+e9b+C67F88ndSwVJl2A3tcUDb29FbedDi+DZ4Mr07Oqw9Y1DrDrtHIDhIZ3bmmiL1dkH2YxrtV+zw=="],

    "@tailwindcss/oxide-linux-arm64-musl": ["@tailwindcss/oxide-linux-arm64-musl@4.0.7", "", { "os": "linux", "cpu": "arm64" }, "sha512-WHYs3cpPEJb/ccyT20NOzopYQkl7JKncNBUbb77YFlwlXMVJLLV3nrXQKhr7DmZxz2ZXqjyUwsj2rdzd9stYdw=="],

    "@tailwindcss/oxide-linux-x64-gnu": ["@tailwindcss/oxide-linux-x64-gnu@4.0.7", "", { "os": "linux", "cpu": "x64" }, "sha512-7bP1UyuX9kFxbOwkeIJhBZNevKYPXB6xZI37v09fqi6rqRJR8elybwjMUHm54GVP+UTtJ14ueB1K54Dy1tIO6w=="],

    "@tailwindcss/oxide-linux-x64-musl": ["@tailwindcss/oxide-linux-x64-musl@4.0.7", "", { "os": "linux", "cpu": "x64" }, "sha512-gBQIV8nL/LuhARNGeroqzXymMzzW5wQzqlteVqOVoqwEfpHOP3GMird5pGFbnpY+NP0fOlsZGrxxOPQ4W/84bQ=="],

    "@tailwindcss/oxide-win32-arm64-msvc": ["@tailwindcss/oxide-win32-arm64-msvc@4.0.7", "", { "os": "win32", "cpu": "arm64" }, "sha512-aH530NFfx0kpQpvYMfWoeG03zGnRCMVlQG8do/5XeahYydz+6SIBxA1tl/cyITSJyWZHyVt6GVNkXeAD30v0Xg=="],

    "@tailwindcss/oxide-win32-x64-msvc": ["@tailwindcss/oxide-win32-x64-msvc@4.0.7", "", { "os": "win32", "cpu": "x64" }, "sha512-8Cva6bbJN7ZJx320k7vxGGdU0ewmpfS5A4PudyzUuofdi8MgeINuiiWiPQ0VZCda/GX88K6qp+6UpDZNVr8HMQ=="],

    "@tailwindcss/vite": ["@tailwindcss/vite@4.0.7", "", { "dependencies": { "@tailwindcss/node": "4.0.7", "@tailwindcss/oxide": "4.0.7", "lightningcss": "^1.29.1", "tailwindcss": "4.0.7" }, "peerDependencies": { "vite": "^5.2.0 || ^6" } }, "sha512-GYx5sxArfIMtdZCsxfya3S/efMmf4RvfqdiLUozkhmSFBNUFnYVodatpoO/en4/BsOIGvq/RB6HwcTLn9prFnQ=="],

    "@types/cookie": ["@types/cookie@0.6.0", "", {}, "sha512-4Kh9a6B2bQciAhf7FSuMRRkUWecJgJu9nPnx3yzpsfXX/c50REIqpHY4C82bXP90qrLtXtkDxTZosYO3UpOwlA=="],

    "@types/dompurify": ["@types/dompurify@3.2.0", "", { "dependencies": { "dompurify": "*" } }, "sha512-Fgg31wv9QbLDA0SpTOXO3MaxySc4DKGLi8sna4/Utjo4r3ZRPdCt4UQee8BWr+Q5z21yifghREPJGYaEOEIACg=="],

    "@types/estree": ["@types/estree@1.0.6", "", {}, "sha512-AYnb1nQyY49te+VRAVgmzfcgjYS91mY5P0TKUDCLEM+gNnA+3T6rWITXRLYCpahpqSQbN5cE+gHpnPyXjHWxcw=="],

    "@types/pug": ["@types/pug@2.0.10", "", {}, "sha512-Sk/uYFOBAB7mb74XcpizmH0KOR2Pv3D2Hmrh1Dmy5BmK3MpdSa5kqZcg6EKBdklU0bFXX9gCfzvpnyUehrPIuA=="],

    "@types/trusted-types": ["@types/trusted-types@2.0.7", "", {}, "sha512-ScaPdn1dQczgbl0QFTeTOmVHFULt394XJgOQNoyVhZ6r2vLnMLJfBPd53SB52T/3G36VI1/g2MZaX0cwDuXsfw=="],

    "@vercel/analytics": ["@vercel/analytics@1.5.0", "", { "peerDependencies": { "@remix-run/react": "^2", "@sveltejs/kit": "^1 || ^2", "next": ">= 13", "react": "^18 || ^19 || ^19.0.0-rc", "svelte": ">= 4", "vue": "^3", "vue-router": "^4" }, "optionalPeers": ["@remix-run/react", "@sveltejs/kit", "next", "react", "svelte", "vue", "vue-router"] }, "sha512-MYsBzfPki4gthY5HnYN7jgInhAZ7Ac1cYDoRWFomwGHWEX7odTEzbtg9kf/QSo7XEsEAqlQugA6gJ2WS2DEa3g=="],

    "acorn": ["acorn@8.14.0", "", { "bin": { "acorn": "bin/acorn" } }, "sha512-cl669nCJTZBsL97OF4kUQm5g5hC2uihk0NxY3WENAC0TYdILVkAyHymAntgxGkl7K+t0cXIrH5siy5S4XkFycA=="],

    "anymatch": ["anymatch@3.1.3", "", { "dependencies": { "normalize-path": "^3.0.0", "picomatch": "^2.0.4" } }, "sha512-KMReFUr0B4t+D+OBkjR3KYqvocp2XaSzO55UcB6mgQMd3KbcE+mWTyvVV7D/zsdEbNnV6acZUutkiHQXvTr1Rw=="],

    "aria-query": ["aria-query@5.3.2", "", {}, "sha512-COROpnaoap1E2F000S62r6A60uHZnmlvomhfyT2DlTcrY1OrBKn2UhH7qn5wTC9zMvD0AY7csdPSNwKP+7WiQw=="],

    "asynckit": ["asynckit@0.4.0", "", {}, "sha512-Oei9OH4tRh0YqU3GxhX79dM/mwVgvbZJaSNaRk+bshkj0S5cfHcgYakreBjrHwatXKbz+IoIdYLxrKim2MjW0Q=="],

    "axios": ["axios@1.7.9", "", { "dependencies": { "follow-redirects": "^1.15.6", "form-data": "^4.0.0", "proxy-from-env": "^1.1.0" } }, "sha512-LhLcE7Hbiryz8oMDdDptSrWowmB4Bl6RCt6sIJKpRB4XtVf0iEgewX3au/pJqm+Py1kCASkb/FFKjxQaLtxJvw=="],

    "axobject-query": ["axobject-query@4.1.0", "", {}, "sha512-qIj0G9wZbMGNLjLmg1PT6v2mE9AH2zlnADJD/2tC6E00hgmhUOfEB6greHPAfLRSufHqROIUTkw6E+M3lH0PTQ=="],

    "balanced-match": ["balanced-match@1.0.2", "", {}, "sha512-3oSeUO0TMV67hN1AmbXsK4yaqU7tjiHlbxRDZOpH0KW9+CeX4bRAaX0Anxt0tx2MrpRpWwQaPwIlISEJhYU5Pw=="],

    "binary-extensions": ["binary-extensions@2.3.0", "", {}, "sha512-Ceh+7ox5qe7LJuLHoY0feh3pHuUDHAcRUeyL2VYghZwfpkNIy/+8Ocg0a3UuSoYzavmylwuLWQOf3hl0jjMMIw=="],

    "brace-expansion": ["brace-expansion@1.1.11", "", { "dependencies": { "balanced-match": "^1.0.0", "concat-map": "0.0.1" } }, "sha512-iCuPHDFgrHX7H2vEI/5xpz07zSHB00TpugqhmYtVmMO6518mCuRMoOYFldEBl0g187ufozdaHgWKcYFb61qGiA=="],

    "braces": ["braces@3.0.3", "", { "dependencies": { "fill-range": "^7.1.1" } }, "sha512-yQbXgO/OSZVD2IsiLlro+7Hf6Q18EJrKSEsdoMzKePKXct3gvD8oLcOQdIzGupr5Fj+EDe8gO/lxc1BzfMpxvA=="],

    "buffer-crc32": ["buffer-crc32@1.0.0", "", {}, "sha512-Db1SbgBS/fg/392AblrMJk97KggmvYhr4pB5ZIMTWtaivCPMWLkmb7m21cJvpvgK+J3nsU2CmmixNBZx4vFj/w=="],

    "chokidar": ["chokidar@3.6.0", "", { "dependencies": { "anymatch": "~3.1.2", "braces": "~3.0.2", "glob-parent": "~5.1.2", "is-binary-path": "~2.1.0", "is-glob": "~4.0.1", "normalize-path": "~3.0.0", "readdirp": "~3.6.0" }, "optionalDependencies": { "fsevents": "~2.3.2" } }, "sha512-7VT13fmjotKpGipCW9JEQAusEPE+Ei8nl6/g4FBAmIm0GOOLMua9NDDo/DWp0ZAxCr3cPq5ZpBqmPAQgDda2Pw=="],

    "code-red": ["code-red@1.0.4", "", { "dependencies": { "@jridgewell/sourcemap-codec": "^1.4.15", "@types/estree": "^1.0.1", "acorn": "^8.10.0", "estree-walker": "^3.0.3", "periscopic": "^3.1.0" } }, "sha512-7qJWqItLA8/VPVlKJlFXU+NBlo/qyfs39aJcuMT/2ere32ZqvF5OSxgdM5xOfJJ7O429gg2HM47y8v9P+9wrNw=="],

    "combined-stream": ["combined-stream@1.0.8", "", { "dependencies": { "delayed-stream": "~1.0.0" } }, "sha512-FQN4MRfuJeHf7cBbBMJFXhKSDq+2kAArBlmRBvcvFE5BB1HZKXtSFASDhdlz9zOYwxh8lDdnvmMOe/+5cdoEdg=="],

    "concat-map": ["concat-map@0.0.1", "", {}, "sha512-/Srv4dswyQNBfohGpz9o6Yb3Gz3SrUDqBH5rTuhGR7ahtlbYKnVxw2bCFMRljaA7EXHaXZ8wsHdodFvbkhKmqg=="],

    "cookie": ["cookie@0.6.0", "", {}, "sha512-U71cyTamuh1CRNCfpGY6to28lxvNwPG4Guz/EVjgf3Jmzv0vlDp1atT9eS5dDjMYHucpHbWns6Lwf3BKz6svdw=="],

    "css-tree": ["css-tree@2.3.1", "", { "dependencies": { "mdn-data": "2.0.30", "source-map-js": "^1.0.1" } }, "sha512-6Fv1DV/TYw//QF5IzQdqsNDjx/wc8TrMBZsqjL9eW01tWb7R7k/mq+/VXfJCl7SoD5emsJop9cOByJZfs8hYIw=="],

    "debug": ["debug@4.4.0", "", { "dependencies": { "ms": "^2.1.3" } }, "sha512-6WTZ/IxCY/T6BALoZHaE4ctp9xm+Z5kY/pzYaCHRFeyVhojxlrm+46y68HA6hr0TcwEssoxNiDEUJQjfPZ/RYA=="],

    "deepmerge": ["deepmerge@4.3.1", "", {}, "sha512-3sUqbMEc77XqpdNO7FRyRog+eW3ph+GYCbj+rK+uYyRMuwsVy0rMiVtPn+QJlKFvWP/1PYpapqYn0Me2knFn+A=="],

    "delayed-stream": ["delayed-stream@1.0.0", "", {}, "sha512-ZySD7Nf91aLB0RxL4KGrKHBXl7Eds1DAmEdcoVawXnLD7SDhpNgtuII2aAkg7a7QS41jxPSZ17p4VdGnMHk3MQ=="],

    "detect-indent": ["detect-indent@6.1.0", "", {}, "sha512-reYkTUJAZb9gUuZ2RvVCNhVHdg62RHnJ7WJl8ftMi4diZ6NWlciOzQN88pUhSELEwflJht4oQDv0F0BMlwaYtA=="],

    "detect-libc": ["detect-libc@1.0.3", "", { "bin": { "detect-libc": "./bin/detect-libc.js" } }, "sha512-pGjwhsmsp4kL2RTz08wcOlGN83otlqHeD/Z5T8GXZB+/YcpQ/dgo+lbU8ZsGxV0HIvqqxo9l7mqYwyYMD9bKDg=="],

    "devalue": ["devalue@5.1.1", "", {}, "sha512-maua5KUiapvEwiEAe+XnlZ3Rh0GD+qI1J/nb9vrJc3muPXvcF/8gXYTWF76+5DAqHyDUtOIImEuo0YKE9mshVw=="],

    "dompurify": ["dompurify@3.2.4", "", { "optionalDependencies": { "@types/trusted-types": "^2.0.7" } }, "sha512-ysFSFEDVduQpyhzAob/kkuJjf5zWkZD8/A9ywSp1byueyuCfHamrCBa14/Oc2iiB0e51B+NpxSl5gmzn+Ms/mg=="],

    "enhanced-resolve": ["enhanced-resolve@5.18.1", "", { "dependencies": { "graceful-fs": "^4.2.4", "tapable": "^2.2.0" } }, "sha512-ZSW3ma5GkcQBIpwZTSRAI8N71Uuwgs93IezB7mf7R60tC8ZbJideoDNKjHn2O9KIlx6rkGTTEk1xUCK2E1Y2Yg=="],

    "es6-promise": ["es6-promise@3.3.1", "", {}, "sha512-SOp9Phqvqn7jtEUxPWdWfWoLmyt2VaJ6MpvP9Comy1MceMXqE6bxvaTu4iaxpYYPzhny28Lc+M87/c2cPK6lDg=="],

    "esbuild": ["esbuild@0.21.5", "", { "optionalDependencies": { "@esbuild/aix-ppc64": "0.21.5", "@esbuild/android-arm": "0.21.5", "@esbuild/android-arm64": "0.21.5", "@esbuild/android-x64": "0.21.5", "@esbuild/darwin-arm64": "0.21.5", "@esbuild/darwin-x64": "0.21.5", "@esbuild/freebsd-arm64": "0.21.5", "@esbuild/freebsd-x64": "0.21.5", "@esbuild/linux-arm": "0.21.5", "@esbuild/linux-arm64": "0.21.5", "@esbuild/linux-ia32": "0.21.5", "@esbuild/linux-loong64": "0.21.5", "@esbuild/linux-mips64el": "0.21.5", "@esbuild/linux-ppc64": "0.21.5", "@esbuild/linux-riscv64": "0.21.5", "@esbuild/linux-s390x": "0.21.5", "@esbuild/linux-x64": "0.21.5", "@esbuild/netbsd-x64": "0.21.5", "@esbuild/openbsd-x64": "0.21.5", "@esbuild/sunos-x64": "0.21.5", "@esbuild/win32-arm64": "0.21.5", "@esbuild/win32-ia32": "0.21.5", "@esbuild/win32-x64": "0.21.5" }, "bin": { "esbuild": "bin/esbuild" } }, "sha512-mg3OPMV4hXywwpoDxu3Qda5xCKQi+vCTZq8S9J/EpkhB2HzKXq4SNFZE3+NK93JYxc8VMSep+lOUSC/RVKaBqw=="],

    "esm-env": ["esm-env@1.2.2", "", {}, "sha512-Epxrv+Nr/CaL4ZcFGPJIYLWFom+YeV1DqMLHJoEd9SYRxNbaFruBwfEX/kkHUJf55j2+TUbmDcmuilbP1TmXHA=="],

    "estree-walker": ["estree-walker@3.0.3", "", { "dependencies": { "@types/estree": "^1.0.0" } }, "sha512-7RUKfXgSMMkzt6ZuXmqapOurLGPPfgj6l9uRZ7lRGolvk0y2yocc35LdcxKC5PQZdn2DMqioAQ2NoWcrTKmm6g=="],

    "fill-range": ["fill-range@7.1.1", "", { "dependencies": { "to-regex-range": "^5.0.1" } }, "sha512-YsGpe3WHLK8ZYi4tWDg2Jy3ebRz2rXowDxnld4bkQB00cc/1Zw9AWnC0i9ztDJitivtQvaI9KaLyKrc+hBW0yg=="],

    "follow-redirects": ["follow-redirects@1.15.9", "", {}, "sha512-gew4GsXizNgdoRyqmyfMHyAmXsZDk6mHkSxZFCzW9gwlbtOW44CDtYavM+y+72qD/Vq2l550kMF52DT8fOLJqQ=="],

    "form-data": ["form-data@4.0.1", "", { "dependencies": { "asynckit": "^0.4.0", "combined-stream": "^1.0.8", "mime-types": "^2.1.12" } }, "sha512-tzN8e4TX8+kkxGPK8D5u0FNmjPUjw3lwC9lSLxxoB/+GtsJG91CO8bSWy73APlgAZzZbXEYZJuxjkHH2w+Ezhw=="],

    "fs.realpath": ["fs.realpath@1.0.0", "", {}, "sha512-OO0pH2lK6a0hZnAdau5ItzHPI6pUlvI7jMVnxUQRtw4owF2wk8lOSabtGDCTP4Ggrg2MbGnWO9X8K1t4+fGMDw=="],

    "fsevents": ["fsevents@2.3.3", "", { "os": "darwin" }, "sha512-5xoDfX+fL7faATnagmWPpbFtwh/R77WmMMqqHGS65C3vvB0YHrgF+B1YmZ3441tMj5n63k0212XNoJwzlhffQw=="],

    "glob": ["glob@7.2.3", "", { "dependencies": { "fs.realpath": "^1.0.0", "inflight": "^1.0.4", "inherits": "2", "minimatch": "^3.1.1", "once": "^1.3.0", "path-is-absolute": "^1.0.0" } }, "sha512-nFR0zLpU2YCaRxwoCJvL6UvCH2JFyFVIvwTLsIf21AuHlMskA1hhTdk+LlYJtOlYt9v6dvszD2BGRqBL+iQK9Q=="],

    "glob-parent": ["glob-parent@5.1.2", "", { "dependencies": { "is-glob": "^4.0.1" } }, "sha512-AOIgSQCepiJYwP3ARnGx+5VnTu2HBYdzbGP45eLw1vr3zB3vZLeyed1sC9hnbcOc9/SrMyM5RPQrkGz4aS9Zow=="],

    "graceful-fs": ["graceful-fs@4.2.11", "", {}, "sha512-RbJ5/jmFcNNCcDV5o9eTnBLJ/HszWV0P73bc+Ff4nS/rJj+YaS6IGyiOL0VoBYX+l1Wrl3k63h/KrH+nhJ0XvQ=="],

    "import-meta-resolve": ["import-meta-resolve@4.1.0", "", {}, "sha512-I6fiaX09Xivtk+THaMfAwnA3MVA5Big1WHF1Dfx9hFuvNIWpXnorlkzhcQf6ehrqQiiZECRt1poOAkPmer3ruw=="],

    "inflight": ["inflight@1.0.6", "", { "dependencies": { "once": "^1.3.0", "wrappy": "1" } }, "sha512-k92I/b08q4wvFscXCLvqfsHCrjrF7yiXsQuIVvVE7N82W3+aqpzuUdBbfhWcy/FZR3/4IgflMgKLOsvPDrGCJA=="],

    "inherits": ["inherits@2.0.4", "", {}, "sha512-k/vGaX4/Yla3WzyMCvTQOXYeIHvqOKtnqBduzTHpzpQZzAskKMhZ2K+EnBiSM9zGSoIFeMpXKxa4dYeZIQqewQ=="],

    "is-binary-path": ["is-binary-path@2.1.0", "", { "dependencies": { "binary-extensions": "^2.0.0" } }, "sha512-ZMERYes6pDydyuGidse7OsHxtbI7WVeUEozgR/g7rd0xUimYNlvZRE/K2MgZTjWy725IfelLeVcEM97mmtRGXw=="],

    "is-extglob": ["is-extglob@2.1.1", "", {}, "sha512-SbKbANkN603Vi4jEZv49LeVJMn4yGwsbzZworEoyEiutsN3nJYdbO36zfhGJ6QEDpOZIFkDtnq5JRxmvl3jsoQ=="],

    "is-glob": ["is-glob@4.0.3", "", { "dependencies": { "is-extglob": "^2.1.1" } }, "sha512-xelSayHH36ZgE7ZWhli7pW34hNbNl8Ojv5KVmkJD4hBdD3th8Tfk9vYasLM+mXWOZhFkgZfxhLSnrwRr4elSSg=="],

    "is-number": ["is-number@7.0.0", "", {}, "sha512-41Cifkg6e8TylSpdtTpeLVMqvSBEVzTttHvERD741+pnZ8ANv0004MRL43QKPDlK9cGvNp6NZWZUBlbGXYxxng=="],

    "is-reference": ["is-reference@3.0.3", "", { "dependencies": { "@types/estree": "^1.0.6" } }, "sha512-ixkJoqQvAP88E6wLydLGGqCJsrFUnqoH6HnaczB8XmDH1oaWU+xxdptvikTgaEhtZ53Ky6YXiBuUI2WXLMCwjw=="],

    "jiti": ["jiti@2.4.2", "", { "bin": { "jiti": "lib/jiti-cli.mjs" } }, "sha512-rg9zJN+G4n2nfJl5MW3BMygZX56zKPNVEYYqq7adpmMh4Jn2QNEwhvQlFy6jPVdcod7txZtKHWnyZiA3a0zP7A=="],

    "kleur": ["kleur@4.1.5", "", {}, "sha512-o+NO+8WrRiQEE4/7nwRJhN1HWpVmJm511pBHUxPLtp0BUISzlBplORYSmTclCnJvQq2tKu/sgl3xVpkc7ZWuQQ=="],

    "lightningcss": ["lightningcss@1.29.1", "", { "dependencies": { "detect-libc": "^1.0.3" }, "optionalDependencies": { "lightningcss-darwin-arm64": "1.29.1", "lightningcss-darwin-x64": "1.29.1", "lightningcss-freebsd-x64": "1.29.1", "lightningcss-linux-arm-gnueabihf": "1.29.1", "lightningcss-linux-arm64-gnu": "1.29.1", "lightningcss-linux-arm64-musl": "1.29.1", "lightningcss-linux-x64-gnu": "1.29.1", "lightningcss-linux-x64-musl": "1.29.1", "lightningcss-win32-arm64-msvc": "1.29.1", "lightningcss-win32-x64-msvc": "1.29.1" } }, "sha512-FmGoeD4S05ewj+AkhTY+D+myDvXI6eL27FjHIjoyUkO/uw7WZD1fBVs0QxeYWa7E17CUHJaYX/RUGISCtcrG4Q=="],

    "lightningcss-darwin-arm64": ["lightningcss-darwin-arm64@1.29.1", "", { "os": "darwin", "cpu": "arm64" }, "sha512-HtR5XJ5A0lvCqYAoSv2QdZZyoHNttBpa5EP9aNuzBQeKGfbyH5+UipLWvVzpP4Uml5ej4BYs5I9Lco9u1fECqw=="],

    "lightningcss-darwin-x64": ["lightningcss-darwin-x64@1.29.1", "", { "os": "darwin", "cpu": "x64" }, "sha512-k33G9IzKUpHy/J/3+9MCO4e+PzaFblsgBjSGlpAaFikeBFm8B/CkO3cKU9oI4g+fjS2KlkLM/Bza9K/aw8wsNA=="],

    "lightningcss-freebsd-x64": ["lightningcss-freebsd-x64@1.29.1", "", { "os": "freebsd", "cpu": "x64" }, "sha512-0SUW22fv/8kln2LnIdOCmSuXnxgxVC276W5KLTwoehiO0hxkacBxjHOL5EtHD8BAXg2BvuhsJPmVMasvby3LiQ=="],

    "lightningcss-linux-arm-gnueabihf": ["lightningcss-linux-arm-gnueabihf@1.29.1", "", { "os": "linux", "cpu": "arm" }, "sha512-sD32pFvlR0kDlqsOZmYqH/68SqUMPNj+0pucGxToXZi4XZgZmqeX/NkxNKCPsswAXU3UeYgDSpGhu05eAufjDg=="],

    "lightningcss-linux-arm64-gnu": ["lightningcss-linux-arm64-gnu@1.29.1", "", { "os": "linux", "cpu": "arm64" }, "sha512-0+vClRIZ6mmJl/dxGuRsE197o1HDEeeRk6nzycSy2GofC2JsY4ifCRnvUWf/CUBQmlrvMzt6SMQNMSEu22csWQ=="],

    "lightningcss-linux-arm64-musl": ["lightningcss-linux-arm64-musl@1.29.1", "", { "os": "linux", "cpu": "arm64" }, "sha512-UKMFrG4rL/uHNgelBsDwJcBqVpzNJbzsKkbI3Ja5fg00sgQnHw/VrzUTEc4jhZ+AN2BvQYz/tkHu4vt1kLuJyw=="],

    "lightningcss-linux-x64-gnu": ["lightningcss-linux-x64-gnu@1.29.1", "", { "os": "linux", "cpu": "x64" }, "sha512-u1S+xdODy/eEtjADqirA774y3jLcm8RPtYztwReEXoZKdzgsHYPl0s5V52Tst+GKzqjebkULT86XMSxejzfISw=="],

    "lightningcss-linux-x64-musl": ["lightningcss-linux-x64-musl@1.29.1", "", { "os": "linux", "cpu": "x64" }, "sha512-L0Tx0DtaNUTzXv0lbGCLB/c/qEADanHbu4QdcNOXLIe1i8i22rZRpbT3gpWYsCh9aSL9zFujY/WmEXIatWvXbw=="],

    "lightningcss-win32-arm64-msvc": ["lightningcss-win32-arm64-msvc@1.29.1", "", { "os": "win32", "cpu": "arm64" }, "sha512-QoOVnkIEFfbW4xPi+dpdft/zAKmgLgsRHfJalEPYuJDOWf7cLQzYg0DEh8/sn737FaeMJxHZRc1oBreiwZCjog=="],

    "lightningcss-win32-x64-msvc": ["lightningcss-win32-x64-msvc@1.29.1", "", { "os": "win32", "cpu": "x64" }, "sha512-NygcbThNBe4JElP+olyTI/doBNGJvLs3bFCRPdvuCcxZCcCZ71B858IHpdm7L1btZex0FvCmM17FK98Y9MRy1Q=="],

    "locate-character": ["locate-character@3.0.0", "", {}, "sha512-SW13ws7BjaeJ6p7Q6CO2nchbYEc3X3J6WrmTTDto7yMPqVSZTUyY5Tjbid+Ab8gLnATtygYtiDIJGQRRn2ZOiA=="],

    "magic-string": ["magic-string@0.30.17", "", { "dependencies": { "@jridgewell/sourcemap-codec": "^1.5.0" } }, "sha512-sNPKHvyjVf7gyjwS4xGTaW/mCnF8wnjtifKBEhxfZ7E/S8tQ0rssrwGNn6q8JH/ohItJfSQp9mBtQYuTlH5QnA=="],

    "marked": ["marked@14.1.4", "", { "bin": { "marked": "bin/marked.js" } }, "sha512-vkVZ8ONmUdPnjCKc5uTRvmkRbx4EAi2OkTOXmfTDhZz3OFqMNBM1oTTWwTr4HY4uAEojhzPf+Fy8F1DWa3Sndg=="],

    "mdn-data": ["mdn-data@2.0.30", "", {}, "sha512-GaqWWShW4kv/G9IEucWScBx9G1/vsFZZJUO+tD26M8J8z3Kw5RDQjaoZe03YAClgeS/SWPOcb4nkFBTEi5DUEA=="],

    "mime-db": ["mime-db@1.52.0", "", {}, "sha512-sPU4uV7dYlvtWJxwwxHD0PuihVNiE7TyAbQ5SWxDCB9mUYvOgroQOwYQQOKPJ8CIbE+1ETVlOoK1UC2nU3gYvg=="],

    "mime-types": ["mime-types@2.1.35", "", { "dependencies": { "mime-db": "1.52.0" } }, "sha512-ZDY+bPm5zTTF+YpCrAU9nK0UgICYPT0QtT1NZWFv4s++TNkcgVaT0g6+4R2uI4MjQjzysHB1zxuWL50hzaeXiw=="],

    "min-indent": ["min-indent@1.0.1", "", {}, "sha512-I9jwMn07Sy/IwOj3zVkVik2JTvgpaykDZEigL6Rx6N9LbMywwUSMtxET+7lVoDLLd3O3IXwJwvuuns8UB/HeAg=="],

    "minimatch": ["minimatch@3.1.2", "", { "dependencies": { "brace-expansion": "^1.1.7" } }, "sha512-J7p63hRiAjw1NDEww1W7i37+ByIrOWO5XQQAzZ3VOcL0PNybwpfmV/N05zFAzwQ9USyEcX6t3UO+K5aqBQOIHw=="],

    "minimist": ["minimist@1.2.8", "", {}, "sha512-2yyAR8qBkN3YuheJanUpWC5U3bb5osDywNB8RzDVlDwDHbocAJveqqj1u8+SVD7jkWT4yvsHCpWqqWqAxb0zCA=="],

    "mkdirp": ["mkdirp@0.5.6", "", { "dependencies": { "minimist": "^1.2.6" }, "bin": { "mkdirp": "bin/cmd.js" } }, "sha512-FP+p8RB8OWpF3YZBCrP5gtADmtXApB5AMLn+vdyA+PyxCjrCs00mjyUozssO33cwDeT3wNGdLxJ5M//YqtHAJw=="],

    "mri": ["mri@1.2.0", "", {}, "sha512-tzzskb3bG8LvYGFF/mDTpq3jpI6Q9wc3LEmBaghu+DdCssd1FakN7Bc0hVNmEyGq1bq3RgfkCb3cmQLpNPOroA=="],

    "mrmime": ["mrmime@2.0.0", "", {}, "sha512-eu38+hdgojoyq63s+yTpN4XMBdt5l8HhMhc4VKLO9KM5caLIBvUm4thi7fFaxyTmCKeNnXZ5pAlBwCUnhA09uw=="],

    "ms": ["ms@2.1.3", "", {}, "sha512-6FlzubTLZG3J2a/NVCAleEhjzq5oxgHyaCU9yYXvcLsvoVaHJq/s5xXI6/XXP6tz7R9xAOtHnSO/tXtF3WRTlA=="],

    "nanoid": ["nanoid@3.3.8", "", { "bin": { "nanoid": "bin/nanoid.cjs" } }, "sha512-WNLf5Sd8oZxOm+TzppcYk8gVOgP+l58xNy58D0nbUnOxOWRWvlcCV4kUF7ltmI6PsrLl/BgKEyS4mqsGChFN0w=="],

    "normalize-path": ["normalize-path@3.0.0", "", {}, "sha512-6eZs5Ls3WtCisHWp9S2GUy8dqkpGi4BVSz3GaqiE6ezub0512ESztXUwUB6C6IKbQkY2Pnb/mD4WYojCRwcwLA=="],

    "once": ["once@1.4.0", "", { "dependencies": { "wrappy": "1" } }, "sha512-lNaJgI+2Q5URQBkccEKHTQOPaXdUxnZZElQTZY0MFUAuaEqe1E+Nyvgdz/aIyNi6Z9MzO5dv1H8n58/GELp3+w=="],

    "path-is-absolute": ["path-is-absolute@1.0.1", "", {}, "sha512-AVbw3UJ2e9bq64vSaS9Am0fje1Pa8pbGqTTsmXfaIiMpnr5DlDhfJOuLj9Sf95ZPVDAUerDfEk88MPmPe7UCQg=="],

    "periscopic": ["periscopic@3.1.0", "", { "dependencies": { "@types/estree": "^1.0.0", "estree-walker": "^3.0.0", "is-reference": "^3.0.0" } }, "sha512-vKiQ8RRtkl9P+r/+oefh25C3fhybptkHKCZSPlcXiJux2tJF55GnEj3BVn4A5gKfq9NWWXXrxkHBwVPUfH0opw=="],

    "picocolors": ["picocolors@1.1.1", "", {}, "sha512-xceH2snhtb5M9liqDsmEw56le376mTZkEX/jEb/RxNFyegNul7eNslCXP9FDj/Lcu0X8KEyMceP2ntpaHrDEVA=="],

    "picomatch": ["picomatch@2.3.1", "", {}, "sha512-JU3teHTNjmE2VCGFzuY8EXzCDVwEqB2a8fsIvwaStHhAWJEeVd1o1QD80CU6+ZdEXXSLbSsuLwJjkCBWqRQUVA=="],

    "postcss": ["postcss@8.5.1", "", { "dependencies": { "nanoid": "^3.3.8", "picocolors": "^1.1.1", "source-map-js": "^1.2.1" } }, "sha512-6oz2beyjc5VMn/KV1pPw8fliQkhBXrVn1Z3TVyqZxU8kZpzEKhBdmCFqI6ZbmGtamQvQGuU1sgPTk8ZrXDD7jQ=="],

    "proxy-from-env": ["proxy-from-env@1.1.0", "", {}, "sha512-D+zkORCbA9f1tdWRK0RaCR3GPv50cMxcrz4X8k5LTSUD1Dkw47mKJEZQNunItRTkWwgtaUSo1RVFRIG9ZXiFYg=="],

    "readdirp": ["readdirp@3.6.0", "", { "dependencies": { "picomatch": "^2.2.1" } }, "sha512-hOS089on8RduqdbhvQ5Z37A0ESjsqz6qnRcffsMU3495FuTdqSm+7bhJ29JvIOsBDEEnan5DPu9t3To9VRlMzA=="],

    "rimraf": ["rimraf@2.7.1", "", { "dependencies": { "glob": "^7.1.3" }, "bin": { "rimraf": "./bin.js" } }, "sha512-uWjbaKIK3T1OSVptzX7Nl6PvQ3qAGtKEtVRjRuazjfL3Bx5eI409VZSqgND+4UNnmzLVdPj9FqFJNPqBZFve4w=="],

    "rollup": ["rollup@4.34.6", "", { "dependencies": { "@types/estree": "1.0.6" }, "optionalDependencies": { "@rollup/rollup-android-arm-eabi": "4.34.6", "@rollup/rollup-android-arm64": "4.34.6", "@rollup/rollup-darwin-arm64": "4.34.6", "@rollup/rollup-darwin-x64": "4.34.6", "@rollup/rollup-freebsd-arm64": "4.34.6", "@rollup/rollup-freebsd-x64": "4.34.6", "@rollup/rollup-linux-arm-gnueabihf": "4.34.6", "@rollup/rollup-linux-arm-musleabihf": "4.34.6", "@rollup/rollup-linux-arm64-gnu": "4.34.6", "@rollup/rollup-linux-arm64-musl": "4.34.6", "@rollup/rollup-linux-loongarch64-gnu": "4.34.6", "@rollup/rollup-linux-powerpc64le-gnu": "4.34.6", "@rollup/rollup-linux-riscv64-gnu": "4.34.6", "@rollup/rollup-linux-s390x-gnu": "4.34.6", "@rollup/rollup-linux-x64-gnu": "4.34.6", "@rollup/rollup-linux-x64-musl": "4.34.6", "@rollup/rollup-win32-arm64-msvc": "4.34.6", "@rollup/rollup-win32-ia32-msvc": "4.34.6", "@rollup/rollup-win32-x64-msvc": "4.34.6", "fsevents": "~2.3.2" }, "bin": { "rollup": "dist/bin/rollup" } }, "sha512-wc2cBWqJgkU3Iz5oztRkQbfVkbxoz5EhnCGOrnJvnLnQ7O0WhQUYyv18qQI79O8L7DdHrrlJNeCHd4VGpnaXKQ=="],

    "sade": ["sade@1.8.1", "", { "dependencies": { "mri": "^1.1.0" } }, "sha512-xal3CZX1Xlo/k4ApwCFrHVACi9fBqJ7V+mwhBsuf/1IOKbBy098Fex+Wa/5QMubw09pSZ/u8EY8PWgevJsXp1A=="],

    "sander": ["sander@0.5.1", "", { "dependencies": { "es6-promise": "^3.1.2", "graceful-fs": "^4.1.3", "mkdirp": "^0.5.1", "rimraf": "^2.5.2" } }, "sha512-3lVqBir7WuKDHGrKRDn/1Ye3kwpXaDOMsiRP1wd6wpZW56gJhsbp5RqQpA6JG/P+pkXizygnr1dKR8vzWaVsfA=="],

    "set-cookie-parser": ["set-cookie-parser@2.7.1", "", {}, "sha512-IOc8uWeOZgnb3ptbCURJWNjWUPcO3ZnTTdzsurqERrP6nPyv+paC55vJM0LpOlT2ne+Ix+9+CRG1MNLlyZ4GjQ=="],

    "sirv": ["sirv@3.0.0", "", { "dependencies": { "@polka/url": "^1.0.0-next.24", "mrmime": "^2.0.0", "totalist": "^3.0.0" } }, "sha512-BPwJGUeDaDCHihkORDchNyyTvWFhcusy1XMmhEVTQTwGeybFbp8YEmB+njbPnth1FibULBSBVwCQni25XlCUDg=="],

    "sorcery": ["sorcery@0.11.1", "", { "dependencies": { "@jridgewell/sourcemap-codec": "^1.4.14", "buffer-crc32": "^1.0.0", "minimist": "^1.2.0", "sander": "^0.5.0" }, "bin": { "sorcery": "bin/sorcery" } }, "sha512-o7npfeJE6wi6J9l0/5LKshFzZ2rMatRiCDwYeDQaOzqdzRJwALhX7mk/A/ecg6wjMu7wdZbmXfD2S/vpOg0bdQ=="],

    "source-map-js": ["source-map-js@1.2.1", "", {}, "sha512-UXWMKhLOwVKb728IUtQPXxfYU+usdybtUrK/8uGE8CQMvrhOpwvzDBwj0QhSL7MQc7vIsISBG8VQ8+IDQxpfQA=="],

    "strip-indent": ["strip-indent@3.0.0", "", { "dependencies": { "min-indent": "^1.0.0" } }, "sha512-laJTa3Jb+VQpaC6DseHhF7dXVqHTfJPCRDaEbid/drOhgitgYku/letMUqOXFoWV0zIIUbjpdH2t+tYj4bQMRQ=="],

    "svelte": ["svelte@4.2.19", "", { "dependencies": { "@ampproject/remapping": "^2.2.1", "@jridgewell/sourcemap-codec": "^1.4.15", "@jridgewell/trace-mapping": "^0.3.18", "@types/estree": "^1.0.1", "acorn": "^8.9.0", "aria-query": "^5.3.0", "axobject-query": "^4.0.0", "code-red": "^1.0.3", "css-tree": "^2.3.1", "estree-walker": "^3.0.3", "is-reference": "^3.0.1", "locate-character": "^3.0.0", "magic-string": "^0.30.4", "periscopic": "^3.1.0" } }, "sha512-IY1rnGr6izd10B0A8LqsBfmlT5OILVuZ7XsI0vdGPEvuonFV7NYEUK4dAkm9Zg2q0Um92kYjTpS1CAP3Nh/KWw=="],

    "svelte-check": ["svelte-check@3.8.6", "", { "dependencies": { "@jridgewell/trace-mapping": "^0.3.17", "chokidar": "^3.4.1", "picocolors": "^1.0.0", "sade": "^1.7.4", "svelte-preprocess": "^5.1.3", "typescript": "^5.0.3" }, "peerDependencies": { "svelte": "^3.55.0 || ^4.0.0-next.0 || ^4.0.0 || ^5.0.0-next.0" }, "bin": { "svelte-check": "bin/svelte-check" } }, "sha512-ij0u4Lw/sOTREP13BdWZjiXD/BlHE6/e2e34XzmVmsp5IN4kVa3PWP65NM32JAgwjZlwBg/+JtiNV1MM8khu0Q=="],

    "svelte-hmr": ["svelte-hmr@0.16.0", "", { "peerDependencies": { "svelte": "^3.19.0 || ^4.0.0" } }, "sha512-Gyc7cOS3VJzLlfj7wKS0ZnzDVdv3Pn2IuVeJPk9m2skfhcu5bq3wtIZyQGggr7/Iim5rH5cncyQft/kRLupcnA=="],

    "svelte-preprocess": ["svelte-preprocess@5.1.4", "", { "dependencies": { "@types/pug": "^2.0.6", "detect-indent": "^6.1.0", "magic-string": "^0.30.5", "sorcery": "^0.11.0", "strip-indent": "^3.0.0" }, "peerDependencies": { "@babel/core": "^7.10.2", "coffeescript": "^2.5.1", "less": "^3.11.3 || ^4.0.0", "postcss": "^7 || ^8", "postcss-load-config": "^2.1.0 || ^3.0.0 || ^4.0.0 || ^5.0.0", "pug": "^3.0.0", "sass": "^1.26.8", "stylus": "^0.55.0", "sugarss": "^2.0.0 || ^3.0.0 || ^4.0.0", "svelte": "^3.23.0 || ^4.0.0-next.0 || ^4.0.0 || ^5.0.0-next.0", "typescript": ">=3.9.5 || ^4.0.0 || ^5.0.0" }, "optionalPeers": ["@babel/core", "coffeescript", "less", "postcss", "postcss-load-config", "pug", "sass", "stylus", "sugarss", "typescript"] }, "sha512-IvnbQ6D6Ao3Gg6ftiM5tdbR6aAETwjhHV+UKGf5bHGYR69RQvF1ho0JKPcbUON4vy4R7zom13jPjgdOWCQ5hDA=="],

    "tailwindcss": ["tailwindcss@4.0.7", "", {}, "sha512-yH5bPPyapavo7L+547h3c4jcBXcrKwybQRjwdEIVAd9iXRvy/3T1CC6XSQEgZtRySjKfqvo3Cc0ZF1DTheuIdA=="],

    "tapable": ["tapable@2.2.1", "", {}, "sha512-GNzQvQTOIP6RyTfE2Qxb8ZVlNmw0n88vp1szwWRimP02mnTsx3Wtn5qRdqY9w2XduFNUgvOwhNnQsjwCp+kqaQ=="],

    "to-regex-range": ["to-regex-range@5.0.1", "", { "dependencies": { "is-number": "^7.0.0" } }, "sha512-65P7iz6X5yEr1cwcgvQxbbIw7Uk3gOy5dIdtZ4rDveLqhrdJP+Li/Hx6tyK0NEb+2GCyneCMJiGqrADCSNk8sQ=="],

    "totalist": ["totalist@3.0.1", "", {}, "sha512-sf4i37nQ2LBx4m3wB74y+ubopq6W/dIzXg0FDGjsYnZHVa1Da8FH853wlL2gtUhg+xJXjfk3kUZS3BRoQeoQBQ=="],

    "tslib": ["tslib@2.8.1", "", {}, "sha512-oJFu94HQb+KVduSUQL7wnpmqnfmLsOA/nAh6b6EH0wCEoK0/mPeXU6c3wKDV83MkOuHPRHtSXKKU99IBazS/2w=="],

    "typescript": ["typescript@5.7.3", "", { "bin": { "tsc": "bin/tsc", "tsserver": "bin/tsserver" } }, "sha512-84MVSjMEHP+FQRPy3pX9sTVV/INIex71s9TL2Gm5FG/WG1SqXeKyZ0k7/blY/4FdOzI12CBy1vGc4og/eus0fw=="],

    "vite": ["vite@5.4.14", "", { "dependencies": { "esbuild": "^0.21.3", "postcss": "^8.4.43", "rollup": "^4.20.0" }, "optionalDependencies": { "fsevents": "~2.3.3" }, "peerDependencies": { "@types/node": "^18.0.0 || >=20.0.0", "less": "*", "lightningcss": "^1.21.0", "sass": "*", "sass-embedded": "*", "stylus": "*", "sugarss": "*", "terser": "^5.4.0" }, "optionalPeers": ["@types/node", "less", "lightningcss", "sass", "sass-embedded", "stylus", "sugarss", "terser"], "bin": { "vite": "bin/vite.js" } }, "sha512-EK5cY7Q1D8JNhSaPKVK4pwBFvaTmZxEnoKXLG/U9gmdDcihQGNzFlgIvaxezFR4glP1LsuiedwMBqCXH3wZccA=="],

    "vitefu": ["vitefu@0.2.5", "", { "peerDependencies": { "vite": "^3.0.0 || ^4.0.0 || ^5.0.0" }, "optionalPeers": ["vite"] }, "sha512-SgHtMLoqaeeGnd2evZ849ZbACbnwQCIwRH57t18FxcXoZop0uQu0uzlIhJBlF/eWVzuce0sHeqPcDo+evVcg8Q=="],

    "wrappy": ["wrappy@1.0.2", "", {}, "sha512-l4Sp/DRseor9wL6EvV2+TuQn63dMkPjZ/sp9XkghTEbV9KlPS1xUsZ3u7/IQO4wxtcFB4bgpQPRcR3QCvezPcQ=="],
  }
}
